// !$*UTF8*$!
{
	archiveVersion = 1;
	classes = {
	};
	objectVersion = 51;
	objects = {

/* Begin PBXBuildFile section */
		8700AE98A354F62EFCB27505 /* Pods_NASA_News.framework in Frameworks */ = {isa = PBXBuildFile; fileRef = E26A14E6E2D92A8754C757E9 /* Pods_NASA_News.framework */; };
		FA091E3124E72ABA00CED60F /* AppDelegate.swift in Sources */ = {isa = PBXBuildFile; fileRef = FA091E3024E72ABA00CED60F /* AppDelegate.swift */; };
		FA091E3324E72ABA00CED60F /* SceneDelegate.swift in Sources */ = {isa = PBXBuildFile; fileRef = FA091E3224E72ABA00CED60F /* SceneDelegate.swift */; };
		FA091E3524E72ABA00CED60F /* MainViewController.swift in Sources */ = {isa = PBXBuildFile; fileRef = FA091E3424E72ABA00CED60F /* MainViewController.swift */; };
		FA091E3824E72ABA00CED60F /* Main.storyboard in Resources */ = {isa = PBXBuildFile; fileRef = FA091E3624E72ABA00CED60F /* Main.storyboard */; };
		FA091E3A24E72ABC00CED60F /* Assets.xcassets in Resources */ = {isa = PBXBuildFile; fileRef = FA091E3924E72ABC00CED60F /* Assets.xcassets */; };
		FA091E3D24E72ABC00CED60F /* LaunchScreen.storyboard in Resources */ = {isa = PBXBuildFile; fileRef = FA091E3B24E72ABC00CED60F /* LaunchScreen.storyboard */; };
		FA091E4624E72AF300CED60F /* DetailsViewController.swift in Sources */ = {isa = PBXBuildFile; fileRef = FA091E4524E72AF300CED60F /* DetailsViewController.swift */; };
		FA091E4824E72AFC00CED60F /* Model.swift in Sources */ = {isa = PBXBuildFile; fileRef = FA091E4724E72AFC00CED60F /* Model.swift */; };
		FA091E4A24E72B0D00CED60F /* NetworkManager.swift in Sources */ = {isa = PBXBuildFile; fileRef = FA091E4924E72B0D00CED60F /* NetworkManager.swift */; };
		FA091E4E24E72B7900CED60F /* Extensions.swift in Sources */ = {isa = PBXBuildFile; fileRef = FA091E4D24E72B7900CED60F /* Extensions.swift */; };
		FA091E5724E72C2000CED60F /* Podfile in Resources */ = {isa = PBXBuildFile; fileRef = FA091E5624E72C2000CED60F /* Podfile */; };
		FAB744B924E735D500E86A20 /* NewsDataCell.swift in Sources */ = {isa = PBXBuildFile; fileRef = FAB744B824E735D500E86A20 /* NewsDataCell.swift */; };
/* End PBXBuildFile section */

/* Begin PBXFileReference section */
		DDC452C90E4E9C0E4CECD32C /* Pods-NASA News.release.xcconfig */ = {isa = PBXFileReference; includeInIndex = 1; lastKnownFileType = text.xcconfig; name = "Pods-NASA News.release.xcconfig"; path = "Target Support Files/Pods-NASA News/Pods-NASA News.release.xcconfig"; sourceTree = "<group>"; };
		E26A14E6E2D92A8754C757E9 /* Pods_NASA_News.framework */ = {isa = PBXFileReference; explicitFileType = wrapper.framework; includeInIndex = 0; path = Pods_NASA_News.framework; sourceTree = BUILT_PRODUCTS_DIR; };
		E2C09B9B722970C883F4617B /* Pods-NASA News.debug.xcconfig */ = {isa = PBXFileReference; includeInIndex = 1; lastKnownFileType = text.xcconfig; name = "Pods-NASA News.debug.xcconfig"; path = "Target Support Files/Pods-NASA News/Pods-NASA News.debug.xcconfig"; sourceTree = "<group>"; };
		FA091E2D24E72ABA00CED60F /* NASA News.app */ = {isa = PBXFileReference; explicitFileType = wrapper.application; includeInIndex = 0; path = "NASA News.app"; sourceTree = BUILT_PRODUCTS_DIR; };
		FA091E3024E72ABA00CED60F /* AppDelegate.swift */ = {isa = PBXFileReference; lastKnownFileType = sourcecode.swift; path = AppDelegate.swift; sourceTree = "<group>"; };
		FA091E3224E72ABA00CED60F /* SceneDelegate.swift */ = {isa = PBXFileReference; lastKnownFileType = sourcecode.swift; path = SceneDelegate.swift; sourceTree = "<group>"; };
		FA091E3424E72ABA00CED60F /* MainViewController.swift */ = {isa = PBXFileReference; lastKnownFileType = sourcecode.swift; path = MainViewController.swift; sourceTree = "<group>"; };
		FA091E3724E72ABA00CED60F /* Base */ = {isa = PBXFileReference; lastKnownFileType = file.storyboard; name = Base; path = Base.lproj/Main.storyboard; sourceTree = "<group>"; };
		FA091E3924E72ABC00CED60F /* Assets.xcassets */ = {isa = PBXFileReference; lastKnownFileType = folder.assetcatalog; path = Assets.xcassets; sourceTree = "<group>"; };
		FA091E3C24E72ABC00CED60F /* Base */ = {isa = PBXFileReference; lastKnownFileType = file.storyboard; name = Base; path = Base.lproj/LaunchScreen.storyboard; sourceTree = "<group>"; };
		FA091E3E24E72ABC00CED60F /* Info.plist */ = {isa = PBXFileReference; lastKnownFileType = text.plist.xml; path = Info.plist; sourceTree = "<group>"; };
		FA091E4524E72AF300CED60F /* DetailsViewController.swift */ = {isa = PBXFileReference; lastKnownFileType = sourcecode.swift; path = DetailsViewController.swift; sourceTree = "<group>"; };
		FA091E4724E72AFC00CED60F /* Model.swift */ = {isa = PBXFileReference; lastKnownFileType = sourcecode.swift; path = Model.swift; sourceTree = "<group>"; };
		FA091E4924E72B0D00CED60F /* NetworkManager.swift */ = {isa = PBXFileReference; lastKnownFileType = sourcecode.swift; path = NetworkManager.swift; sourceTree = "<group>"; };
		FA091E4D24E72B7900CED60F /* Extensions.swift */ = {isa = PBXFileReference; lastKnownFileType = sourcecode.swift; path = Extensions.swift; sourceTree = "<group>"; };
		FA091E5624E72C2000CED60F /* Podfile */ = {isa = PBXFileReference; fileEncoding = 4; lastKnownFileType = text; path = Podfile; sourceTree = "<group>"; };
		FAB744B824E735D500E86A20 /* NewsDataCell.swift */ = {isa = PBXFileReference; lastKnownFileType = sourcecode.swift; path = NewsDataCell.swift; sourceTree = "<group>"; };
/* End PBXFileReference section */

/* Begin PBXFrameworksBuildPhase section */
		FA091E2A24E72ABA00CED60F /* Frameworks */ = {
			isa = PBXFrameworksBuildPhase;
			buildActionMask = 2147483647;
			files = (
				8700AE98A354F62EFCB27505 /* Pods_NASA_News.framework in Frameworks */,
			);
			runOnlyForDeploymentPostprocessing = 0;
		};
/* End PBXFrameworksBuildPhase section */

/* Begin PBXGroup section */
		6B2ECD91E11C76B3ACCCB10E /* Frameworks */ = {
			isa = PBXGroup;
			children = (
				E26A14E6E2D92A8754C757E9 /* Pods_NASA_News.framework */,
			);
			name = Frameworks;
			sourceTree = "<group>";
		};
		DBCFC28EBF194D3FE4DCB66D /* Pods */ = {
			isa = PBXGroup;
			children = (
				E2C09B9B722970C883F4617B /* Pods-NASA News.debug.xcconfig */,
				DDC452C90E4E9C0E4CECD32C /* Pods-NASA News.release.xcconfig */,
			);
			path = Pods;
			sourceTree = "<group>";
		};
		FA091E2424E72ABA00CED60F = {
			isa = PBXGroup;
			children = (
				FA091E5624E72C2000CED60F /* Podfile */,
				FA091E2F24E72ABA00CED60F /* NASA News */,
				FA091E2E24E72ABA00CED60F /* Products */,
				DBCFC28EBF194D3FE4DCB66D /* Pods */,
				6B2ECD91E11C76B3ACCCB10E /* Frameworks */,
			);
			sourceTree = "<group>";
		};
		FA091E2E24E72ABA00CED60F /* Products */ = {
			isa = PBXGroup;
			children = (
				FA091E2D24E72ABA00CED60F /* NASA News.app */,
			);
			name = Products;
			sourceTree = "<group>";
		};
		FA091E2F24E72ABA00CED60F /* NASA News */ = {
			isa = PBXGroup;
			children = (
				FA091E5524E72BD100CED60F /* Storyboards */,
				FA091E4424E72ACC00CED60F /* Delegates */,
				FA091E4F24E72B7F00CED60F /* ViewControllers */,
				FA091E5224E72BB300CED60F /* Models */,
				FA091E5324E72BB900CED60F /* Managers */,
				FA091E5024E72BA500CED60F /* Cell */,
				FA091E5124E72BAB00CED60F /* Extensions */,
				FA091E3924E72ABC00CED60F /* Assets.xcassets */,
				FA091E3E24E72ABC00CED60F /* Info.plist */,
			);
			path = "NASA News";
			sourceTree = "<group>";
		};
		FA091E4424E72ACC00CED60F /* Delegates */ = {
			isa = PBXGroup;
			children = (
				FA091E3024E72ABA00CED60F /* AppDelegate.swift */,
				FA091E3224E72ABA00CED60F /* SceneDelegate.swift */,
			);
			path = Delegates;
			sourceTree = "<group>";
		};
		FA091E4F24E72B7F00CED60F /* ViewControllers */ = {
			isa = PBXGroup;
			children = (
				FA091E3424E72ABA00CED60F /* MainViewController.swift */,
				FA091E4524E72AF300CED60F /* DetailsViewController.swift */,
			);
			path = ViewControllers;
			sourceTree = "<group>";
		};
		FA091E5024E72BA500CED60F /* Cell */ = {
			isa = PBXGroup;
			children = (
				FAB744B824E735D500E86A20 /* NewsDataCell.swift */,
			);
			path = Cell;
			sourceTree = "<group>";
		};
		FA091E5124E72BAB00CED60F /* Extensions */ = {
			isa = PBXGroup;
			children = (
				FA091E4D24E72B7900CED60F /* Extensions.swift */,
			);
			path = Extensions;
			sourceTree = "<group>";
		};
		FA091E5224E72BB300CED60F /* Models */ = {
			isa = PBXGroup;
			children = (
				FA091E4724E72AFC00CED60F /* Model.swift */,
			);
			path = Models;
			sourceTree = "<group>";
		};
		FA091E5324E72BB900CED60F /* Managers */ = {
			isa = PBXGroup;
			children = (
				FA091E5424E72BC300CED60F /* API */,
			);
			path = Managers;
			sourceTree = "<group>";
		};
		FA091E5424E72BC300CED60F /* API */ = {
			isa = PBXGroup;
			children = (
				FA091E4924E72B0D00CED60F /* NetworkManager.swift */,
			);
			path = API;
			sourceTree = "<group>";
		};
		FA091E5524E72BD100CED60F /* Storyboards */ = {
			isa = PBXGroup;
			children = (
				FA091E3624E72ABA00CED60F /* Main.storyboard */,
				FA091E3B24E72ABC00CED60F /* LaunchScreen.storyboard */,
			);
			path = Storyboards;
			sourceTree = "<group>";
		};
/* End PBXGroup section */

/* Begin PBXNativeTarget section */
		FA091E2C24E72ABA00CED60F /* NASA News */ = {
			isa = PBXNativeTarget;
			buildConfigurationList = FA091E4124E72ABC00CED60F /* Build configuration list for PBXNativeTarget "NASA News" */;
			buildPhases = (
				AE35811A763B2B3095481894 /* [CP] Check Pods Manifest.lock */,
				FA091E2924E72ABA00CED60F /* Sources */,
				FA091E2A24E72ABA00CED60F /* Frameworks */,
				FA091E2B24E72ABA00CED60F /* Resources */,
				F1E42CB9E7A2B857F90402C5 /* [CP] Embed Pods Frameworks */,
			);
			buildRules = (
			);
			dependencies = (
			);
			name = "NASA News";
			productName = "NASA News";
			productReference = FA091E2D24E72ABA00CED60F /* NASA News.app */;
			productType = "com.apple.product-type.application";
		};
/* End PBXNativeTarget section */

/* Begin PBXProject section */
		FA091E2524E72ABA00CED60F /* Project object */ = {
			isa = PBXProject;
			attributes = {
				LastSwiftUpdateCheck = 1160;
				LastUpgradeCheck = 1160;
				ORGANIZATIONNAME = "Александр Умаров";
				TargetAttributes = {
					FA091E2C24E72ABA00CED60F = {
						CreatedOnToolsVersion = 11.6;
					};
				};
			};
			buildConfigurationList = FA091E2824E72ABA00CED60F /* Build configuration list for PBXProject "NASA News" */;
			compatibilityVersion = "Xcode 9.3";
			developmentRegion = en;
			hasScannedForEncodings = 0;
			knownRegions = (
				en,
				Base,
			);
			mainGroup = FA091E2424E72ABA00CED60F;
			productRefGroup = FA091E2E24E72ABA00CED60F /* Products */;
			projectDirPath = "";
			projectRoot = "";
			targets = (
				FA091E2C24E72ABA00CED60F /* NASA News */,
			);
		};
/* End PBXProject section */

/* Begin PBXResourcesBuildPhase section */
		FA091E2B24E72ABA00CED60F /* Resources */ = {
			isa = PBXResourcesBuildPhase;
			buildActionMask = 2147483647;
			files = (
				FA091E3D24E72ABC00CED60F /* LaunchScreen.storyboard in Resources */,
				FA091E3A24E72ABC00CED60F /* Assets.xcassets in Resources */,
				FA091E5724E72C2000CED60F /* Podfile in Resources */,
				FA091E3824E72ABA00CED60F /* Main.storyboard in Resources */,
			);
			runOnlyForDeploymentPostprocessing = 0;
		};
/* End PBXResourcesBuildPhase section */

/* Begin PBXShellScriptBuildPhase section */
		AE35811A763B2B3095481894 /* [CP] Check Pods Manifest.lock */ = {
			isa = PBXShellScriptBuildPhase;
			buildActionMask = 2147483647;
			files = (
			);
			inputFileListPaths = (
			);
			inputPaths = (
				"${PODS_PODFILE_DIR_PATH}/Podfile.lock",
				"${PODS_ROOT}/Manifest.lock",
			);
			name = "[CP] Check Pods Manifest.lock";
			outputFileListPaths = (
			);
			outputPaths = (
				"$(DERIVED_FILE_DIR)/Pods-NASA News-checkManifestLockResult.txt",
			);
			runOnlyForDeploymentPostprocessing = 0;
			shellPath = /bin/sh;
			shellScript = "diff \"${PODS_PODFILE_DIR_PATH}/Podfile.lock\" \"${PODS_ROOT}/Manifest.lock\" > /dev/null\nif [ $? != 0 ] ; then\n    # print error to STDERR\n    echo \"error: The sandbox is not in sync with the Podfile.lock. Run 'pod install' or update your CocoaPods installation.\" >&2\n    exit 1\nfi\n# This output is used by Xcode 'outputs' to avoid re-running this script phase.\necho \"SUCCESS\" > \"${SCRIPT_OUTPUT_FILE_0}\"\n";
			showEnvVarsInLog = 0;
		};
		F1E42CB9E7A2B857F90402C5 /* [CP] Embed Pods Frameworks */ = {
			isa = PBXShellScriptBuildPhase;
			buildActionMask = 2147483647;
			files = (
			);
			inputFileListPaths = (
				"${PODS_ROOT}/Target Support Files/Pods-NASA News/Pods-NASA News-frameworks-${CONFIGURATION}-input-files.xcfilelist",
			);
			name = "[CP] Embed Pods Frameworks";
			outputFileListPaths = (
				"${PODS_ROOT}/Target Support Files/Pods-NASA News/Pods-NASA News-frameworks-${CONFIGURATION}-output-files.xcfilelist",
			);
			runOnlyForDeploymentPostprocessing = 0;
			shellPath = /bin/sh;
			shellScript = "\"${PODS_ROOT}/Target Support Files/Pods-NASA News/Pods-NASA News-frameworks.sh\"\n";
			showEnvVarsInLog = 0;
		};
/* End PBXShellScriptBuildPhase section */

/* Begin PBXSourcesBuildPhase section */
		FA091E2924E72ABA00CED60F /* Sources */ = {
			isa = PBXSourcesBuildPhase;
			buildActionMask = 2147483647;
			files = (
				FA091E4A24E72B0D00CED60F /* NetworkManager.swift in Sources */,
				FA091E3524E72ABA00CED60F /* MainViewController.swift in Sources */,
				FA091E3124E72ABA00CED60F /* AppDelegate.swift in Sources */,
				FA091E4E24E72B7900CED60F /* Extensions.swift in Sources */,
				FAB744B924E735D500E86A20 /* NewsDataCell.swift in Sources */,
				FA091E3324E72ABA00CED60F /* SceneDelegate.swift in Sources */,
				FA091E4624E72AF300CED60F /* DetailsViewController.swift in Sources */,
				FA091E4824E72AFC00CED60F /* Model.swift in Sources */,
			);
			runOnlyForDeploymentPostprocessing = 0;
		};
/* End PBXSourcesBuildPhase section */

/* Begin PBXVariantGroup section */
		FA091E3624E72ABA00CED60F /* Main.storyboard */ = {
			isa = PBXVariantGroup;
			children = (
				FA091E3724E72ABA00CED60F /* Base */,
			);
			name = Main.storyboard;
			sourceTree = "<group>";
		};
		FA091E3B24E72ABC00CED60F /* LaunchScreen.storyboard */ = {
			isa = PBXVariantGroup;
			children = (
				FA091E3C24E72ABC00CED60F /* Base */,
			);
			name = LaunchScreen.storyboard;
			sourceTree = "<group>";
		};
/* End PBXVariantGroup section */

/* Begin XCBuildConfiguration section */
		FA091E3F24E72ABC00CED60F /* Debug */ = {
			isa = XCBuildConfiguration;
			buildSettings = {
				ALWAYS_SEARCH_USER_PATHS = NO;
				CLANG_ANALYZER_NONNULL = YES;
				CLANG_ANALYZER_NUMBER_OBJECT_CONVERSION = YES_AGGRESSIVE;
				CLANG_CXX_LANGUAGE_STANDARD = "gnu++14";
				CLANG_CXX_LIBRARY = "libc++";
				CLANG_ENABLE_MODULES = YES;
				CLANG_ENABLE_OBJC_ARC = YES;
				CLANG_ENABLE_OBJC_WEAK = YES;
				CLANG_WARN_BLOCK_CAPTURE_AUTORELEASING = YES;
				CLANG_WARN_BOOL_CONVERSION = YES;
				CLANG_WARN_COMMA = YES;
				CLANG_WARN_CONSTANT_CONVERSION = YES;
				CLANG_WARN_DEPRECATED_OBJC_IMPLEMENTATIONS = YES;
				CLANG_WARN_DIRECT_OBJC_ISA_USAGE = YES_ERROR;
				CLANG_WARN_DOCUMENTATION_COMMENTS = YES;
				CLANG_WARN_EMPTY_BODY = YES;
				CLANG_WARN_ENUM_CONVERSION = YES;
				CLANG_WARN_INFINITE_RECURSION = YES;
				CLANG_WARN_INT_CONVERSION = YES;
				CLANG_WARN_NON_LITERAL_NULL_CONVERSION = YES;
				CLANG_WARN_OBJC_IMPLICIT_RETAIN_SELF = YES;
				CLANG_WARN_OBJC_LITERAL_CONVERSION = YES;
				CLANG_WARN_OBJC_ROOT_CLASS = YES_ERROR;
				CLANG_WARN_RANGE_LOOP_ANALYSIS = YES;
				CLANG_WARN_STRICT_PROTOTYPES = YES;
				CLANG_WARN_SUSPICIOUS_MOVE = YES;
				CLANG_WARN_UNGUARDED_AVAILABILITY = YES_AGGRESSIVE;
				CLANG_WARN_UNREACHABLE_CODE = YES;
				CLANG_WARN__DUPLICATE_METHOD_MATCH = YES;
				COPY_PHASE_STRIP = NO;
				DEBUG_INFORMATION_FORMAT = dwarf;
				ENABLE_STRICT_OBJC_MSGSEND = YES;
				ENABLE_TESTABILITY = YES;
				GCC_C_LANGUAGE_STANDARD = gnu11;
				GCC_DYNAMIC_NO_PIC = NO;
				GCC_NO_COMMON_BLOCKS = YES;
				GCC_OPTIMIZATION_LEVEL = 0;
				GCC_PREPROCESSOR_DEFINITIONS = (
					"DEBUG=1",
					"$(inherited)",
				);
				GCC_WARN_64_TO_32_BIT_CONVERSION = YES;
				GCC_WARN_ABOUT_RETURN_TYPE = YES_ERROR;
				GCC_WARN_UNDECLARED_SELECTOR = YES;
				GCC_WARN_UNINITIALIZED_AUTOS = YES_AGGRESSIVE;
				GCC_WARN_UNUSED_FUNCTION = YES;
				GCC_WARN_UNUSED_VARIABLE = YES;
				IPHONEOS_DEPLOYMENT_TARGET = 13.6;
				MTL_ENABLE_DEBUG_INFO = INCLUDE_SOURCE;
				MTL_FAST_MATH = YES;
				ONLY_ACTIVE_ARCH = YES;
				SDKROOT = iphoneos;
				SWIFT_ACTIVE_COMPILATION_CONDITIONS = DEBUG;
				SWIFT_OPTIMIZATION_LEVEL = "-Onone";
			};
			name = Debug;
		};
		FA091E4024E72ABC00CED60F /* Release */ = {
			isa = XCBuildConfiguration;
			buildSettings = {
				ALWAYS_SEARCH_USER_PATHS = NO;
				CLANG_ANALYZER_NONNULL = YES;
				CLANG_ANALYZER_NUMBER_OBJECT_CONVERSION = YES_AGGRESSIVE;
				CLANG_CXX_LANGUAGE_STANDARD = "gnu++14";
				CLANG_CXX_LIBRARY = "libc++";
				CLANG_ENABLE_MODULES = YES;
				CLANG_ENABLE_OBJC_ARC = YES;
				CLANG_ENABLE_OBJC_WEAK = YES;
				CLANG_WARN_BLOCK_CAPTURE_AUTORELEASING = YES;
				CLANG_WARN_BOOL_CONVERSION = YES;
				CLANG_WARN_COMMA = YES;
				CLANG_WARN_CONSTANT_CONVERSION = YES;
				CLANG_WARN_DEPRECATED_OBJC_IMPLEMENTATIONS = YES;
				CLANG_WARN_DIRECT_OBJC_ISA_USAGE = YES_ERROR;
				CLANG_WARN_DOCUMENTATION_COMMENTS = YES;
				CLANG_WARN_EMPTY_BODY = YES;
				CLANG_WARN_ENUM_CONVERSION = YES;
				CLANG_WARN_INFINITE_RECURSION = YES;
				CLANG_WARN_INT_CONVERSION = YES;
				CLANG_WARN_NON_LITERAL_NULL_CONVERSION = YES;
				CLANG_WARN_OBJC_IMPLICIT_RETAIN_SELF = YES;
				CLANG_WARN_OBJC_LITERAL_CONVERSION = YES;
				CLANG_WARN_OBJC_ROOT_CLASS = YES_ERROR;
				CLANG_WARN_RANGE_LOOP_ANALYSIS = YES;
				CLANG_WARN_STRICT_PROTOTYPES = YES;
				CLANG_WARN_SUSPICIOUS_MOVE = YES;
				CLANG_WARN_UNGUARDED_AVAILABILITY = YES_AGGRESSIVE;
				CLANG_WARN_UNREACHABLE_CODE = YES;
				CLANG_WARN__DUPLICATE_METHOD_MATCH = YES;
				COPY_PHASE_STRIP = NO;
				DEBUG_INFORMATION_FORMAT = "dwarf-with-dsym";
				ENABLE_NS_ASSERTIONS = NO;
				ENABLE_STRICT_OBJC_MSGSEND = YES;
				GCC_C_LANGUAGE_STANDARD = gnu11;
				GCC_NO_COMMON_BLOCKS = YES;
				GCC_WARN_64_TO_32_BIT_CONVERSION = YES;
				GCC_WARN_ABOUT_RETURN_TYPE = YES_ERROR;
				GCC_WARN_UNDECLARED_SELECTOR = YES;
				GCC_WARN_UNINITIALIZED_AUTOS = YES_AGGRESSIVE;
				GCC_WARN_UNUSED_FUNCTION = YES;
				GCC_WARN_UNUSED_VARIABLE = YES;
				IPHONEOS_DEPLOYMENT_TARGET = 13.6;
				MTL_ENABLE_DEBUG_INFO = NO;
				MTL_FAST_MATH = YES;
				SDKROOT = iphoneos;
				SWIFT_COMPILATION_MODE = wholemodule;
				SWIFT_OPTIMIZATION_LEVEL = "-O";
				VALIDATE_PRODUCT = YES;
			};
			name = Release;
		};
		FA091E4224E72ABC00CED60F /* Debug */ = {
			isa = XCBuildConfiguration;
			baseConfigurationReference = E2C09B9B722970C883F4617B /* Pods-NASA News.debug.xcconfig */;
			buildSettings = {
				ASSETCATALOG_COMPILER_APPICON_NAME = AppIcon;
				CODE_SIGN_STYLE = Automatic;
				DEVELOPMENT_TEAM = B5VM7C6TM4;
				INFOPLIST_FILE = "NASA News/Info.plist";
				IPHONEOS_DEPLOYMENT_TARGET = 13.0;
				LD_RUNPATH_SEARCH_PATHS = (
					"$(inherited)",
					"@executable_path/Frameworks",
				);
				PRODUCT_BUNDLE_IDENTIFIER = "com.jetlaunch.NASA-News";
				PRODUCT_NAME = "$(TARGET_NAME)";
				SWIFT_VERSION = 5.0;
				TARGETED_DEVICE_FAMILY = 1;
			};
			name = Debug;
		};
		FA091E4324E72ABC00CED60F /* Release */ = {
			isa = XCBuildConfiguration;
			baseConfigurationReference = DDC452C90E4E9C0E4CECD32C /* Pods-NASA News.release.xcconfig */;
			buildSettings = {
				ASSETCATALOG_COMPILER_APPICON_NAME = AppIcon;
				CODE_SIGN_STYLE = Automatic;
				DEVELOPMENT_TEAM = B5VM7C6TM4;
				INFOPLIST_FILE = "NASA News/Info.plist";
				IPHONEOS_DEPLOYMENT_TARGET = 13.0;
				LD_RUNPATH_SEARCH_PATHS = (
					"$(inherited)",
					"@executable_path/Frameworks",
				);
				PRODUCT_BUNDLE_IDENTIFIER = "com.jetlaunch.NASA-News";
				PRODUCT_NAME = "$(TARGET_NAME)";
				SWIFT_VERSION = 5.0;
				TARGETED_DEVICE_FAMILY = 1;
			};
			name = Release;
		};
/* End XCBuildConfiguration section */

/* Begin XCConfigurationList section */
		FA091E2824E72ABA00CED60F /* Build configuration list for PBXProject "NASA News" */ = {
			isa = XCConfigurationList;
			buildConfigurations = (
				FA091E3F24E72ABC00CED60F /* Debug */,
				FA091E4024E72ABC00CED60F /* Release */,
			);
			defaultConfigurationIsVisible = 0;
			defaultConfigurationName = Release;
		};
		FA091E4124E72ABC00CED60F /* Build configuration list for PBXNativeTarget "NASA News" */ = {
			isa = XCConfigurationList;
			buildConfigurations = (
				FA091E4224E72ABC00CED60F /* Debug */,
				FA091E4324E72ABC00CED60F /* Release */,
			);
			defaultConfigurationIsVisible = 0;
			defaultConfigurationName = Release;
		};
/* End XCConfigurationList section */
	};
	rootObject = FA091E2524E72ABA00CED60F /* Project object */;
}
